
Microsoft Visual Studio Solution File, Format Version 12.00
# Visual Studio Version 16
VisualStudioVersion = 16.0.32901.82
MinimumVisualStudioVersion = 10.0.40219.1
Project("{9A19103F-16F7-4668-BE54-9A1E7A4F7556}") = "DataAccess", "DataAccess\DataAccess.csproj", "{FEC59818-6D70-43D6-BEAE-18BA9FED32B8}"
EndProject
Project("{9A19103F-16F7-4668-BE54-9A1E7A4F7556}") = "Business", "Business\Business.csproj", "{D4507F42-2D67-4DFF-BE96-BE9DC1821882}"
EndProject
Project("{9A19103F-16F7-4668-BE54-9A1E7A4F7556}") = "Entities", "Entities\Entities.csproj", "{CF705706-251C-4046-AC9E-5B167CCDEEDA}"
EndProject
Project("{9A19103F-16F7-4668-BE54-9A1E7A4F7556}") = "ConsoleUI", "ConsoleUI\ConsoleUI.csproj", "{853A5110-E737-41C6-B5E8-0A005D1D7FB5}"
EndProject
Project("{9A19103F-16F7-4668-BE54-9A1E7A4F7556}") = "Core", "Core\Core.csproj", "{AE6210B3-6000-48D2-96B9-20B4B06E1920}"
EndProject
Project("{FAE04EC0-301F-11D3-BF4B-00C04F79EFBC}") = "WebAPI", "WebAPI\WebAPI.csproj", "{8D180907-2E8A-4965-81F2-8FB09251CF24}"
EndProject
Global
	GlobalSection(SolutionConfigurationPlatforms) = preSolution
		Debug|Any CPU = Debug|Any CPU
		Release|Any CPU = Release|Any CPU
	EndGlobalSection
	GlobalSection(ProjectConfigurationPlatforms) = postSolution
		{FEC59818-6D70-43D6-BEAE-18BA9FED32B8}.Debug|Any CPU.ActiveCfg = Debug|Any CPU
		{FEC59818-6D70-43D6-BEAE-18BA9FED32B8}.Debug|Any CPU.Build.0 = Debug|Any CPU
		{FEC59818-6D70-43D6-BEAE-18BA9FED32B8}.Release|Any CPU.ActiveCfg = Release|Any CPU
		{FEC59818-6D70-43D6-BEAE-18BA9FED32B8}.Release|Any CPU.Build.0 = Release|Any CPU
		{D4507F42-2D67-4DFF-BE96-BE9DC1821882}.Debug|Any CPU.ActiveCfg = Debug|Any CPU
		{D4507F42-2D67-4DFF-BE96-BE9DC1821882}.Debug|Any CPU.Build.0 = Debug|Any CPU
		{D4507F42-2D67-4DFF-BE96-BE9DC1821882}.Release|Any CPU.ActiveCfg = Release|Any CPU
		{D4507F42-2D67-4DFF-BE96-BE9DC1821882}.Release|Any CPU.Build.0 = Release|Any CPU
		{CF705706-251C-4046-AC9E-5B167CCDEEDA}.Debug|Any CPU.ActiveCfg = Debug|Any CPU
		{CF705706-251C-4046-AC9E-5B167CCDEEDA}.Debug|Any CPU.Build.0 = Debug|Any CPU
		{CF705706-251C-4046-AC9E-5B167CCDEEDA}.Release|Any CPU.ActiveCfg = Release|Any CPU
		{CF705706-251C-4046-AC9E-5B167CCDEEDA}.Release|Any CPU.Build.0 = Release|Any CPU
		{853A5110-E737-41C6-B5E8-0A005D1D7FB5}.Debug|Any CPU.ActiveCfg = Debug|Any CPU
		{853A5110-E737-41C6-B5E8-0A005D1D7FB5}.Debug|Any CPU.Build.0 = Debug|Any CPU
		{853A5110-E737-41C6-B5E8-0A005D1D7FB5}.Release|Any CPU.ActiveCfg = Release|Any CPU
		{853A5110-E737-41C6-B5E8-0A005D1D7FB5}.Release|Any CPU.Build.0 = Release|Any CPU
		{AE6210B3-6000-48D2-96B9-20B4B06E1920}.Debug|Any CPU.ActiveCfg = Debug|Any CPU
		{AE6210B3-6000-48D2-96B9-20B4B06E1920}.Debug|Any CPU.Build.0 = Debug|Any CPU
		{AE6210B3-6000-48D2-96B9-20B4B06E1920}.Release|Any CPU.ActiveCfg = Release|Any CPU
		{AE6210B3-6000-48D2-96B9-20B4B06E1920}.Release|Any CPU.Build.0 = Release|Any CPU
		{8D180907-2E8A-4965-81F2-8FB09251CF24}.Debug|Any CPU.ActiveCfg = Debug|Any CPU
		{8D180907-2E8A-4965-81F2-8FB09251CF24}.Debug|Any CPU.Build.0 = Debug|Any CPU
		{8D180907-2E8A-4965-81F2-8FB09251CF24}.Release|Any CPU.ActiveCfg = Release|Any CPU
		{8D180907-2E8A-4965-81F2-8FB09251CF24}.Release|Any CPU.Build.0 = Release|Any CPU
	EndGlobalSection
	GlobalSection(SolutionProperties) = preSolution
		HideSolutionNode = FALSE
	EndGlobalSection
	GlobalSection(ExtensibilityGlobals) = postSolution
		SolutionGuid = {B94F9494-E284-4285-A04F-C14D5B3BA734}
	EndGlobalSection
EndGlobal
